
Microsoft Visual Studio Solution File, Format Version 12.00
# Visual Studio Version 16
VisualStudioVersion = 16.0.30002.166
MinimumVisualStudioVersion = 10.0.40219.1
Project("{FAE04EC0-301F-11D3-BF4B-00C04F79EFBC}") = "SpeakerRecognition", "SpeakerRecognition\SpeakerRecognition.csproj", "{0969A05F-2249-4E2E-9E00-42E7E9C528C8}"
EndProject
Global
	GlobalSection(SolutionConfigurationPlatforms) = preSolution
		Debug|Any CPU = Debug|Any CPU
		Release|Any CPU = Release|Any CPU
	EndGlobalSection
	GlobalSection(ProjectConfigurationPlatforms) = postSolution
		{0969A05F-2249-4E2E-9E00-42E7E9C528C8}.Debug|Any CPU.ActiveCfg = Debug|Any CPU
		{0969A05F-2249-4E2E-9E00-42E7E9C528C8}.Debug|Any CPU.Build.0 = Debug|Any CPU
		{0969A05F-2249-4E2E-9E00-42E7E9C528C8}.Release|Any CPU.ActiveCfg = Release|Any CPU
		{0969A05F-2249-4E2E-9E00-42E7E9C528C8}.Release|Any CPU.Build.0 = Release|Any CPU
	EndGlobalSection
	GlobalSection(SolutionProperties) = preSolution
		HideSolutionNode = FALSE
	EndGlobalSection
	GlobalSection(ExtensibilityGlobals) = postSolution
		SolutionGuid = {4685F682-3D96-439D-951B-BAC625F8C64F}
	EndGlobalSection
EndGlobal
